Microsoft Visual Studio Solution File, Format Version 12.00
# Visual Studio Version 17
VisualStudioVersion = 17.5.2.0
MinimumVisualStudioVersion = 10.0.40219.1
Project("{FAE04EC0-301F-11D3-BF4B-00C04F79EFBC}") = "Shared", "Shared.csproj", "{25B522D9-4134-5371-B9C9-D4AF67F29566}"
EndProject
Global
	GlobalSection(SolutionConfigurationPlatforms) = preSolution
		Debug|Any CPU = Debug|Any CPU
		Release|Any CPU = Release|Any CPU
	EndGlobalSection
	GlobalSection(ProjectConfigurationPlatforms) = postSolution
		{25B522D9-4134-5371-B9C9-D4AF67F29566}.Debug|Any CPU.ActiveCfg = Debug|Any CPU
		{25B522D9-4134-5371-B9C9-D4AF67F29566}.Debug|Any CPU.Build.0 = Debug|Any CPU
		{25B522D9-4134-5371-B9C9-D4AF67F29566}.Release|Any CPU.ActiveCfg = Release|Any CPU
		{25B522D9-4134-5371-B9C9-D4AF67F29566}.Release|Any CPU.Build.0 = Release|Any CPU
	EndGlobalSection
	GlobalSection(SolutionProperties) = preSolution
		HideSolutionNode = FALSE
	EndGlobalSection
	GlobalSection(ExtensibilityGlobals) = postSolution
		SolutionGuid = {FD7D8994-C687-4561-9961-890856441318}
	EndGlobalSection
EndGlobal
